
Microsoft Visual Studio Solution File, Format Version 12.00
# Visual Studio 2012
Project("{8BC9CEB8-8B4A-11D0-8D11-00A0C91BC942}") = "TradeWinner", "TradeWinner\TradeWinner.vcxproj", "{B12702AD-ABFB-343A-A199-8E24837244A3}"
EndProject
Project("{8BC9CEB8-8B4A-11D0-8D11-00A0C91BC942}") = "StkQuoter", "StkQuoter\StkQuoter.vcxproj", "{BB9A46F9-A170-4AA7-98D4-B28294083D55}"
EndProject
Project("{8BC9CEB8-8B4A-11D0-8D11-00A0C91BC942}") = "FlashingOrder", "FlashingOrder\FlashingOrder_qt\FlashingOrder.vcxproj", "{CF3AA613-0BAA-486C-A4A2-FBB5F865C635}"
EndProject
Project("{8BC9CEB8-8B4A-11D0-8D11-00A0C91BC942}") = "GloaKmCapture", "FlashingOrder\GloaKmCapture\GloaKmCapture.vcxproj", "{6E36102E-ED08-4D60-8D1D-C91E98869A31}"
EndProject
Project("{8BC9CEB8-8B4A-11D0-8D11-00A0C91BC942}") = "agent_fang_zheng", "agent_fang_zheng\agent_fang_zheng.vcxproj", "{73E9552C-7AD4-4295-86B5-D5E21583D010}"
EndProject
Project("{8BC9CEB8-8B4A-11D0-8D11-00A0C91BC942}") = "aDemo", "aDemo\aDemo.vcxproj", "{C6BB06F9-5F99-4B73-91A5-6BC575C332E1}"
EndProject
Project("{2150E333-8FDC-42A3-9474-1A3956D46DE8}") = "agent", "agent", "{FE7D0AF4-9CD8-4EDB-9CE5-08E01339849B}"
EndProject
Project("{2150E333-8FDC-42A3-9474-1A3956D46DE8}") = "flashing", "flashing", "{334E19FB-589F-4485-A1ED-190A8D5AEEF9}"
EndProject
Project("{8BC9CEB8-8B4A-11D0-8D11-00A0C91BC942}") = "trade_delegate_base", "trade_delegate_base\trade_delegate_base.vcxproj", "{E8AC6B84-6C12-49EF-A5E7-54D1BBEB56DC}"
EndProject
Project("{8BC9CEB8-8B4A-11D0-8D11-00A0C91BC942}") = "agent_guojin_zq", "agent_guojing_zq\agent_guojing_zq.vcxproj", "{6D011A06-0B16-4C54-84F7-4AAF7D304392}"
EndProject
Project("{8BC9CEB8-8B4A-11D0-8D11-00A0C91BC942}") = "agent_ping_an", "agent_ping_an\agent_ping_an.vcxproj", "{34F124F4-79AF-4029-936D-9C0FD26992E3}"
EndProject
Project("{8BC9CEB8-8B4A-11D0-8D11-00A0C91BC942}") = "agent_zhongy_gj", "agent_zhongygj\agent_zhongygj.vcxproj", "{BA2FBD3E-2E4F-4D45-A118-148BB1ED5AAC}"
EndProject
Project("{8BC9CEB8-8B4A-11D0-8D11-00A0C91BC942}") = "agent_hua_tai", "agent_hua_tai\agent_hua_tai.vcxproj", "{50CD2D0A-D115-4671-ABB6-AEC6406A6E51}"
EndProject
Project("{2150E333-8FDC-42A3-9474-1A3956D46DE8}") = "Solution Items", "Solution Items", "{69A50C2E-5FAE-4B8F-9F09-FA060501A999}"
	ProjectSection(SolutionItems) = preProject
		..\..\..\..\WenJin\Dev_src\Dev_lib\Test\Test.vcxproj = ..\..\..\..\WenJin\Dev_src\Dev_lib\Test\Test.vcxproj
	EndProjectSection
EndProject
Project("{8BC9CEB8-8B4A-11D0-8D11-00A0C91BC942}") = "agent_zhong_xin", "agent_zhong_xin\agent_zhong_xin.vcxproj", "{569258A4-9D6F-49F8-8324-031450948675}"
EndProject
Project("{8BC9CEB8-8B4A-11D0-8D11-00A0C91BC942}") = "agent_min_sheng", "agent_min_sheng\agent_min_sheng.vcxproj", "{3BDEAFC3-788E-4148-9651-036E89E73723}"
EndProject
Project("{8BC9CEB8-8B4A-11D0-8D11-00A0C91BC942}") = "winner_api", "..\TrdWinSystem\winner_api\winner_api.vcxproj", "{747498BB-C882-4E77-AF55-1F05AB2794A6}"
EndProject
Global
	GlobalSection(SolutionConfigurationPlatforms) = preSolution
		Debug|Win32 = Debug|Win32
		Debug|x64 = Debug|x64
		Release|Win32 = Release|Win32
		Release|x64 = Release|x64
	EndGlobalSection
	GlobalSection(ProjectConfigurationPlatforms) = postSolution
		{B12702AD-ABFB-343A-A199-8E24837244A3}.Debug|Win32.ActiveCfg = Debug|Win32
		{B12702AD-ABFB-343A-A199-8E24837244A3}.Debug|Win32.Build.0 = Debug|Win32
		{B12702AD-ABFB-343A-A199-8E24837244A3}.Debug|x64.ActiveCfg = Debug|x64
		{B12702AD-ABFB-343A-A199-8E24837244A3}.Debug|x64.Build.0 = Debug|x64
		{B12702AD-ABFB-343A-A199-8E24837244A3}.Release|Win32.ActiveCfg = Release|Win32
		{B12702AD-ABFB-343A-A199-8E24837244A3}.Release|Win32.Build.0 = Release|Win32
		{B12702AD-ABFB-343A-A199-8E24837244A3}.Release|x64.ActiveCfg = Release|x64
		{B12702AD-ABFB-343A-A199-8E24837244A3}.Release|x64.Build.0 = Release|x64
		{BB9A46F9-A170-4AA7-98D4-B28294083D55}.Debug|Win32.ActiveCfg = Debug|Win32
		{BB9A46F9-A170-4AA7-98D4-B28294083D55}.Debug|Win32.Build.0 = Debug|Win32
		{BB9A46F9-A170-4AA7-98D4-B28294083D55}.Debug|x64.ActiveCfg = Debug|Win32
		{BB9A46F9-A170-4AA7-98D4-B28294083D55}.Release|Win32.ActiveCfg = Release|Win32
		{BB9A46F9-A170-4AA7-98D4-B28294083D55}.Release|Win32.Build.0 = Release|Win32
		{BB9A46F9-A170-4AA7-98D4-B28294083D55}.Release|x64.ActiveCfg = Release|Win32
		{CF3AA613-0BAA-486C-A4A2-FBB5F865C635}.Debug|Win32.ActiveCfg = Debug|Win32
		{CF3AA613-0BAA-486C-A4A2-FBB5F865C635}.Debug|Win32.Build.0 = Debug|Win32
		{CF3AA613-0BAA-486C-A4A2-FBB5F865C635}.Debug|x64.ActiveCfg = Debug|Win32
		{CF3AA613-0BAA-486C-A4A2-FBB5F865C635}.Release|Win32.ActiveCfg = Release|Win32
		{CF3AA613-0BAA-486C-A4A2-FBB5F865C635}.Release|Win32.Build.0 = Release|Win32
		{CF3AA613-0BAA-486C-A4A2-FBB5F865C635}.Release|x64.ActiveCfg = Release|Win32
		{6E36102E-ED08-4D60-8D1D-C91E98869A31}.Debug|Win32.ActiveCfg = Debug|Win32
		{6E36102E-ED08-4D60-8D1D-C91E98869A31}.Debug|Win32.Build.0 = Debug|Win32
		{6E36102E-ED08-4D60-8D1D-C91E98869A31}.Debug|x64.ActiveCfg = Debug|Win32
		{6E36102E-ED08-4D60-8D1D-C91E98869A31}.Release|Win32.ActiveCfg = Release|Win32
		{6E36102E-ED08-4D60-8D1D-C91E98869A31}.Release|Win32.Build.0 = Release|Win32
		{6E36102E-ED08-4D60-8D1D-C91E98869A31}.Release|x64.ActiveCfg = Release|Win32
		{73E9552C-7AD4-4295-86B5-D5E21583D010}.Debug|Win32.ActiveCfg = Debug|Win32
		{73E9552C-7AD4-4295-86B5-D5E21583D010}.Debug|Win32.Build.0 = Debug|Win32
		{73E9552C-7AD4-4295-86B5-D5E21583D010}.Debug|x64.ActiveCfg = Debug|Win32
		{73E9552C-7AD4-4295-86B5-D5E21583D010}.Release|Win32.ActiveCfg = Release|Win32
		{73E9552C-7AD4-4295-86B5-D5E21583D010}.Release|Win32.Build.0 = Release|Win32
		{73E9552C-7AD4-4295-86B5-D5E21583D010}.Release|x64.ActiveCfg = Release|Win32
		{C6BB06F9-5F99-4B73-91A5-6BC575C332E1}.Debug|Win32.ActiveCfg = Debug|Win32
		{C6BB06F9-5F99-4B73-91A5-6BC575C332E1}.Debug|Win32.Build.0 = Debug|Win32
		{C6BB06F9-5F99-4B73-91A5-6BC575C332E1}.Debug|x64.ActiveCfg = Debug|Win32
		{C6BB06F9-5F99-4B73-91A5-6BC575C332E1}.Release|Win32.ActiveCfg = Release|Win32
		{C6BB06F9-5F99-4B73-91A5-6BC575C332E1}.Release|Win32.Build.0 = Release|Win32
		{C6BB06F9-5F99-4B73-91A5-6BC575C332E1}.Release|x64.ActiveCfg = Release|Win32
		{E8AC6B84-6C12-49EF-A5E7-54D1BBEB56DC}.Debug|Win32.ActiveCfg = Debug|Win32
		{E8AC6B84-6C12-49EF-A5E7-54D1BBEB56DC}.Debug|Win32.Build.0 = Debug|Win32
		{E8AC6B84-6C12-49EF-A5E7-54D1BBEB56DC}.Debug|x64.ActiveCfg = Debug|Win32
		{E8AC6B84-6C12-49EF-A5E7-54D1BBEB56DC}.Release|Win32.ActiveCfg = Release|Win32
		{E8AC6B84-6C12-49EF-A5E7-54D1BBEB56DC}.Release|Win32.Build.0 = Release|Win32
		{E8AC6B84-6C12-49EF-A5E7-54D1BBEB56DC}.Release|x64.ActiveCfg = Release|Win32
		{6D011A06-0B16-4C54-84F7-4AAF7D304392}.Debug|Win32.ActiveCfg = Debug|Win32
		{6D011A06-0B16-4C54-84F7-4AAF7D304392}.Debug|Win32.Build.0 = Debug|Win32
		{6D011A06-0B16-4C54-84F7-4AAF7D304392}.Debug|x64.ActiveCfg = Debug|Win32
		{6D011A06-0B16-4C54-84F7-4AAF7D304392}.Release|Win32.ActiveCfg = Release|Win32
		{6D011A06-0B16-4C54-84F7-4AAF7D304392}.Release|Win32.Build.0 = Release|Win32
		{6D011A06-0B16-4C54-84F7-4AAF7D304392}.Release|x64.ActiveCfg = Release|Win32
		{34F124F4-79AF-4029-936D-9C0FD26992E3}.Debug|Win32.ActiveCfg = Debug|Win32
		{34F124F4-79AF-4029-936D-9C0FD26992E3}.Debug|Win32.Build.0 = Debug|Win32
		{34F124F4-79AF-4029-936D-9C0FD26992E3}.Debug|x64.ActiveCfg = Debug|Win32
		{34F124F4-79AF-4029-936D-9C0FD26992E3}.Release|Win32.ActiveCfg = Release|Win32
		{34F124F4-79AF-4029-936D-9C0FD26992E3}.Release|Win32.Build.0 = Release|Win32
		{34F124F4-79AF-4029-936D-9C0FD26992E3}.Release|x64.ActiveCfg = Release|Win32
		{BA2FBD3E-2E4F-4D45-A118-148BB1ED5AAC}.Debug|Win32.ActiveCfg = Debug|Win32
		{BA2FBD3E-2E4F-4D45-A118-148BB1ED5AAC}.Debug|Win32.Build.0 = Debug|Win32
		{BA2FBD3E-2E4F-4D45-A118-148BB1ED5AAC}.Debug|x64.ActiveCfg = Debug|Win32
		{BA2FBD3E-2E4F-4D45-A118-148BB1ED5AAC}.Release|Win32.ActiveCfg = Release|Win32
		{BA2FBD3E-2E4F-4D45-A118-148BB1ED5AAC}.Release|Win32.Build.0 = Release|Win32
		{BA2FBD3E-2E4F-4D45-A118-148BB1ED5AAC}.Release|x64.ActiveCfg = Release|Win32
		{50CD2D0A-D115-4671-ABB6-AEC6406A6E51}.Debug|Win32.ActiveCfg = Debug|Win32
		{50CD2D0A-D115-4671-ABB6-AEC6406A6E51}.Debug|Win32.Build.0 = Debug|Win32
		{50CD2D0A-D115-4671-ABB6-AEC6406A6E51}.Debug|x64.ActiveCfg = Debug|Win32
		{50CD2D0A-D115-4671-ABB6-AEC6406A6E51}.Release|Win32.ActiveCfg = Release|Win32
		{50CD2D0A-D115-4671-ABB6-AEC6406A6E51}.Release|Win32.Build.0 = Release|Win32
		{50CD2D0A-D115-4671-ABB6-AEC6406A6E51}.Release|x64.ActiveCfg = Release|Win32
		{569258A4-9D6F-49F8-8324-031450948675}.Debug|Win32.ActiveCfg = Debug|Win32
		{569258A4-9D6F-49F8-8324-031450948675}.Debug|Win32.Build.0 = Debug|Win32
		{569258A4-9D6F-49F8-8324-031450948675}.Debug|x64.ActiveCfg = Debug|Win32
		{569258A4-9D6F-49F8-8324-031450948675}.Release|Win32.ActiveCfg = Release|Win32
		{569258A4-9D6F-49F8-8324-031450948675}.Release|Win32.Build.0 = Release|Win32
		{569258A4-9D6F-49F8-8324-031450948675}.Release|x64.ActiveCfg = Release|Win32
		{3BDEAFC3-788E-4148-9651-036E89E73723}.Debug|Win32.ActiveCfg = Debug|Win32
		{3BDEAFC3-788E-4148-9651-036E89E73723}.Debug|Win32.Build.0 = Debug|Win32
		{3BDEAFC3-788E-4148-9651-036E89E73723}.Debug|x64.ActiveCfg = Debug|Win32
		{3BDEAFC3-788E-4148-9651-036E89E73723}.Release|Win32.ActiveCfg = Release|Win32
		{3BDEAFC3-788E-4148-9651-036E89E73723}.Release|Win32.Build.0 = Release|Win32
		{3BDEAFC3-788E-4148-9651-036E89E73723}.Release|x64.ActiveCfg = Release|Win32
		{747498BB-C882-4E77-AF55-1F05AB2794A6}.Debug|Win32.ActiveCfg = Debug|Win32
		{747498BB-C882-4E77-AF55-1F05AB2794A6}.Debug|Win32.Build.0 = Debug|Win32
		{747498BB-C882-4E77-AF55-1F05AB2794A6}.Debug|x64.ActiveCfg = Debug|Win32
		{747498BB-C882-4E77-AF55-1F05AB2794A6}.Release|Win32.ActiveCfg = Release|Win32
		{747498BB-C882-4E77-AF55-1F05AB2794A6}.Release|Win32.Build.0 = Release|Win32
		{747498BB-C882-4E77-AF55-1F05AB2794A6}.Release|x64.ActiveCfg = Release|Win32
	EndGlobalSection
	GlobalSection(SolutionProperties) = preSolution
		HideSolutionNode = FALSE
	EndGlobalSection
	GlobalSection(NestedProjects) = preSolution
		{6E36102E-ED08-4D60-8D1D-C91E98869A31} = {334E19FB-589F-4485-A1ED-190A8D5AEEF9}
		{CF3AA613-0BAA-486C-A4A2-FBB5F865C635} = {334E19FB-589F-4485-A1ED-190A8D5AEEF9}
		{C6BB06F9-5F99-4B73-91A5-6BC575C332E1} = {FE7D0AF4-9CD8-4EDB-9CE5-08E01339849B}
		{73E9552C-7AD4-4295-86B5-D5E21583D010} = {FE7D0AF4-9CD8-4EDB-9CE5-08E01339849B}
		{E8AC6B84-6C12-49EF-A5E7-54D1BBEB56DC} = {FE7D0AF4-9CD8-4EDB-9CE5-08E01339849B}
		{6D011A06-0B16-4C54-84F7-4AAF7D304392} = {FE7D0AF4-9CD8-4EDB-9CE5-08E01339849B}
		{34F124F4-79AF-4029-936D-9C0FD26992E3} = {FE7D0AF4-9CD8-4EDB-9CE5-08E01339849B}
		{BA2FBD3E-2E4F-4D45-A118-148BB1ED5AAC} = {FE7D0AF4-9CD8-4EDB-9CE5-08E01339849B}
		{50CD2D0A-D115-4671-ABB6-AEC6406A6E51} = {FE7D0AF4-9CD8-4EDB-9CE5-08E01339849B}
		{569258A4-9D6F-49F8-8324-031450948675} = {FE7D0AF4-9CD8-4EDB-9CE5-08E01339849B}
		{3BDEAFC3-788E-4148-9651-036E89E73723} = {FE7D0AF4-9CD8-4EDB-9CE5-08E01339849B}
	EndGlobalSection
EndGlobal
